
Microsoft Visual Studio Solution File, Format Version 12.00
# Visual Studio Version 17
VisualStudioVersion = 17.7.34009.444
MinimumVisualStudioVersion = 10.0.40219.1
Project("{9A19103F-16F7-4668-BE54-9A1E7A4F7556}") = "LiveQueryManager.API", "LiveQueryManager.API\LiveQueryManager.API.csproj", "{427E8498-36D3-4AF7-801B-D9EB36B74BAC}"
EndProject
Project("{9A19103F-16F7-4668-BE54-9A1E7A4F7556}") = "LiveQueryManager.Models", "LiveQueryManager.Models\LiveQueryManager.Models.csproj", "{77F15B1F-AAD8-4950-A474-461A4A24AA73}"
EndProject
Project("{9A19103F-16F7-4668-BE54-9A1E7A4F7556}") = "LiveQueryManager.DataAccess", "LiveQueryManager.DataAccess\LiveQueryManager.DataAccess.csproj", "{0D561F91-DC68-46C4-B444-8897622BC724}"
EndProject
Project("{FAE04EC0-301F-11D3-BF4B-00C04F79EFBC}") = "LiveQueryManager.Services", "Services\LiveQueryManager.Services.csproj", "{6584B623-D505-4331-B0B5-20AB65EC6E1D}"
EndProject
Global
	GlobalSection(SolutionConfigurationPlatforms) = preSolution
		Debug|Any CPU = Debug|Any CPU
		Release|Any CPU = Release|Any CPU
	EndGlobalSection
	GlobalSection(ProjectConfigurationPlatforms) = postSolution
		{427E8498-36D3-4AF7-801B-D9EB36B74BAC}.Debug|Any CPU.ActiveCfg = Debug|Any CPU
		{427E8498-36D3-4AF7-801B-D9EB36B74BAC}.Debug|Any CPU.Build.0 = Debug|Any CPU
		{427E8498-36D3-4AF7-801B-D9EB36B74BAC}.Release|Any CPU.ActiveCfg = Release|Any CPU
		{427E8498-36D3-4AF7-801B-D9EB36B74BAC}.Release|Any CPU.Build.0 = Release|Any CPU
		{77F15B1F-AAD8-4950-A474-461A4A24AA73}.Debug|Any CPU.ActiveCfg = Debug|Any CPU
		{77F15B1F-AAD8-4950-A474-461A4A24AA73}.Debug|Any CPU.Build.0 = Debug|Any CPU
		{77F15B1F-AAD8-4950-A474-461A4A24AA73}.Release|Any CPU.ActiveCfg = Release|Any CPU
		{77F15B1F-AAD8-4950-A474-461A4A24AA73}.Release|Any CPU.Build.0 = Release|Any CPU
		{0D561F91-DC68-46C4-B444-8897622BC724}.Debug|Any CPU.ActiveCfg = Debug|Any CPU
		{0D561F91-DC68-46C4-B444-8897622BC724}.Debug|Any CPU.Build.0 = Debug|Any CPU
		{0D561F91-DC68-46C4-B444-8897622BC724}.Release|Any CPU.ActiveCfg = Release|Any CPU
		{0D561F91-DC68-46C4-B444-8897622BC724}.Release|Any CPU.Build.0 = Release|Any CPU
		{6584B623-D505-4331-B0B5-20AB65EC6E1D}.Debug|Any CPU.ActiveCfg = Debug|Any CPU
		{6584B623-D505-4331-B0B5-20AB65EC6E1D}.Debug|Any CPU.Build.0 = Debug|Any CPU
		{6584B623-D505-4331-B0B5-20AB65EC6E1D}.Release|Any CPU.ActiveCfg = Release|Any CPU
		{6584B623-D505-4331-B0B5-20AB65EC6E1D}.Release|Any CPU.Build.0 = Release|Any CPU
	EndGlobalSection
	GlobalSection(SolutionProperties) = preSolution
		HideSolutionNode = FALSE
	EndGlobalSection
	GlobalSection(ExtensibilityGlobals) = postSolution
		SolutionGuid = {09969B96-588E-46C0-B0C8-BBF3330A76B7}
	EndGlobalSection
EndGlobal
